// !$*UTF8*$!
{
	archiveVersion = 1;
	classes = {
	};
	objectVersion = 51;
	objects = {

/* Begin PBXBuildFile section */
		1C1F25DA2663CB82001B2DEC /* UtenteDB.swift in Sources */ = {isa = PBXBuildFile; fileRef = 1C1F25D92663CB82001B2DEC /* UtenteDB.swift */; };
		1C28ABF4264DD7DE00F86CFD /* DBManager.swift in Sources */ = {isa = PBXBuildFile; fileRef = 1C28ABF3264DD7DE00F86CFD /* DBManager.swift */; };
		1C28ABF6264DD7E400F86CFD /* PazienteDB.swift in Sources */ = {isa = PBXBuildFile; fileRef = 1C28ABF5264DD7E400F86CFD /* PazienteDB.swift */; };
		1C28ABF8264DE12900F86CFD /* MedicoDB.swift in Sources */ = {isa = PBXBuildFile; fileRef = 1C28ABF7264DE12900F86CFD /* MedicoDB.swift */; };
		1C38154C2666A8CC00A8CBFB /* Operazione.swift in Sources */ = {isa = PBXBuildFile; fileRef = 1C38154B2666A8CC00A8CBFB /* Operazione.swift */; };
		1C38154E2666A96E00A8CBFB /* OperazioneDB.swift in Sources */ = {isa = PBXBuildFile; fileRef = 1C38154D2666A96E00A8CBFB /* OperazioneDB.swift */; };
		1C3815502666BC1300A8CBFB /* Specializzazione.swift in Sources */ = {isa = PBXBuildFile; fileRef = 1C38154F2666BC1300A8CBFB /* Specializzazione.swift */; };
		1C3815522666C1EF00A8CBFB /* SpecializzazioneDB.swift in Sources */ = {isa = PBXBuildFile; fileRef = 1C3815512666C1EF00A8CBFB /* SpecializzazioneDB.swift */; };
		1C43DCCA264F08FB001998F9 /* PatologiaDB.swift in Sources */ = {isa = PBXBuildFile; fileRef = 1C43DCC9264F08FB001998F9 /* PatologiaDB.swift */; };
		1C43DCCC264F1515001998F9 /* SintomoDB.swift in Sources */ = {isa = PBXBuildFile; fileRef = 1C43DCCB264F1515001998F9 /* SintomoDB.swift */; };
		1C5922BC266137FB00F5A98F /* RichiestaDB.swift in Sources */ = {isa = PBXBuildFile; fileRef = 1C5922BB266137FB00F5A98F /* RichiestaDB.swift */; };
		1CC63C962649C653001AEDEA /* GoogleService-Info.plist in Resources */ = {isa = PBXBuildFile; fileRef = 1CC63C952649C653001AEDEA /* GoogleService-Info.plist */; };
		1CC63C9B2649CBF8001AEDEA /* Medico.storyboard in Resources */ = {isa = PBXBuildFile; fileRef = 1CC63C9A2649CBF8001AEDEA /* Medico.storyboard */; };
		1CC63C9D2649CDFD001AEDEA /* PazienteViewController.swift in Sources */ = {isa = PBXBuildFile; fileRef = 1CC63C9C2649CDFD001AEDEA /* PazienteViewController.swift */; };
		1CC63C9F2649CE0B001AEDEA /* MedicoViewController.swift in Sources */ = {isa = PBXBuildFile; fileRef = 1CC63C9E2649CE0B001AEDEA /* MedicoViewController.swift */; };
		1CC63CA22649E7B1001AEDEA /* RegistrazioneViewController.swift in Sources */ = {isa = PBXBuildFile; fileRef = 1CC63CA12649E7B1001AEDEA /* RegistrazioneViewController.swift */; };
		1CC63CA42649EF76001AEDEA /* Step2MedicoViewController.swift in Sources */ = {isa = PBXBuildFile; fileRef = 1CC63CA32649EF76001AEDEA /* Step2MedicoViewController.swift */; };
		1CC63CA62649EF9C001AEDEA /* Step2PazienteViewController.swift in Sources */ = {isa = PBXBuildFile; fileRef = 1CC63CA52649EF9C001AEDEA /* Step2PazienteViewController.swift */; };
		1CC63CA82649F2BD001AEDEA /* Step3PazienteViewController.swift in Sources */ = {isa = PBXBuildFile; fileRef = 1CC63CA72649F2BD001AEDEA /* Step3PazienteViewController.swift */; };
		1CC63CAB2649F38B001AEDEA /* RegistrazioneViewModel.swift in Sources */ = {isa = PBXBuildFile; fileRef = 1CC63CAA2649F38B001AEDEA /* RegistrazioneViewModel.swift */; };
		1CC63CAD2649F4B7001AEDEA /* Errore.swift in Sources */ = {isa = PBXBuildFile; fileRef = 1CC63CAC2649F4B7001AEDEA /* Errore.swift */; };
		1CDE415F264B48FA0077A163 /* Step4PazienteViewController.swift in Sources */ = {isa = PBXBuildFile; fileRef = 1CDE415E264B48FA0077A163 /* Step4PazienteViewController.swift */; };
		1CE128FB2652EDEE00B9EE45 /* AllergiaDB.swift in Sources */ = {isa = PBXBuildFile; fileRef = 1CE128FA2652EDEE00B9EE45 /* AllergiaDB.swift */; };
		1CE128FD2652EE1000B9EE45 /* Allergia.swift in Sources */ = {isa = PBXBuildFile; fileRef = 1CE128FC2652EE1000B9EE45 /* Allergia.swift */; };
		8849864F3CE6C47255D155E2 /* Pods_AppEsame.framework in Frameworks */ = {isa = PBXBuildFile; fileRef = 88E15E5C5A7A0AD9E9597180 /* Pods_AppEsame.framework */; };
		951FC7AA264ABCA5001E8C8A /* LoginViewModel.swift in Sources */ = {isa = PBXBuildFile; fileRef = 951FC7A9264ABCA5001E8C8A /* LoginViewModel.swift */; };
		951FC7D5264ADF01001E8C8A /* AllergieTableViewCell.swift in Sources */ = {isa = PBXBuildFile; fileRef = 951FC7D4264ADF01001E8C8A /* AllergieTableViewCell.swift */; };
		952E2346265C3AF7006FAC1E /* TerapiaViewController.swift in Sources */ = {isa = PBXBuildFile; fileRef = 952E2345265C3AF7006FAC1E /* TerapiaViewController.swift */; };
		952E2349265C3BE2006FAC1E /* TerapiaTableViewCell.swift in Sources */ = {isa = PBXBuildFile; fileRef = 952E2348265C3BE2006FAC1E /* TerapiaTableViewCell.swift */; };
		952E234C265C405C006FAC1E /* CartellaClinicaViewController.swift in Sources */ = {isa = PBXBuildFile; fileRef = 952E234B265C405C006FAC1E /* CartellaClinicaViewController.swift */; };
		952E234F265C41EA006FAC1E /* CartellaClinicaTableViewCell.swift in Sources */ = {isa = PBXBuildFile; fileRef = 952E234E265C41EA006FAC1E /* CartellaClinicaTableViewCell.swift */; };
		953BC32D2655589D003F09E3 /* SintomiViewController.swift in Sources */ = {isa = PBXBuildFile; fileRef = 953BC32C2655589D003F09E3 /* SintomiViewController.swift */; };
		953BC330265558F1003F09E3 /* SintomiTableViewCell.swift in Sources */ = {isa = PBXBuildFile; fileRef = 953BC32F265558F1003F09E3 /* SintomiTableViewCell.swift */; };
		953BC33326555F50003F09E3 /* ParametriViewController.swift in Sources */ = {isa = PBXBuildFile; fileRef = 953BC33226555F50003F09E3 /* ParametriViewController.swift */; };
		953BC3362655601F003F09E3 /* ParametriTableViewCell.swift in Sources */ = {isa = PBXBuildFile; fileRef = 953BC3352655601F003F09E3 /* ParametriTableViewCell.swift */; };
		953BD72C265EE3AA006104D1 /* AllergiePazienteViewController.swift in Sources */ = {isa = PBXBuildFile; fileRef = 953BD72B265EE3AA006104D1 /* AllergiePazienteViewController.swift */; };
		953BD72F265EE3B7006104D1 /* PatologiePazienteViewController.swift in Sources */ = {isa = PBXBuildFile; fileRef = 953BD72E265EE3B7006104D1 /* PatologiePazienteViewController.swift */; };
		953BD732265EE3C5006104D1 /* OperazioniPazienteViewController.swift in Sources */ = {isa = PBXBuildFile; fileRef = 953BD731265EE3C5006104D1 /* OperazioniPazienteViewController.swift */; };
		955D5E6C2652CC9A00996BC2 /* Paziente.storyboard in Resources */ = {isa = PBXBuildFile; fileRef = 955D5E6B2652CC9A00996BC2 /* Paziente.storyboard */; };
		955D5E6F2652D21100996BC2 /* PazienteTabBarController.swift in Sources */ = {isa = PBXBuildFile; fileRef = 955D5E6E2652D21100996BC2 /* PazienteTabBarController.swift */; };
		955D5E722652D26800996BC2 /* HomePazienteViewController.swift in Sources */ = {isa = PBXBuildFile; fileRef = 955D5E712652D26800996BC2 /* HomePazienteViewController.swift */; };
		955D5E822652E3F000996BC2 /* HomePazienteTableViewCell.swift in Sources */ = {isa = PBXBuildFile; fileRef = 955D5E812652E3F000996BC2 /* HomePazienteTableViewCell.swift */; };
		955FA97F26612A2400BC3176 /* AllergiePazienteTableViewCell.swift in Sources */ = {isa = PBXBuildFile; fileRef = 955FA97E26612A2400BC3176 /* AllergiePazienteTableViewCell.swift */; };
		955FA98226612A7300BC3176 /* PatologiePazienteTableViewCell.swift in Sources */ = {isa = PBXBuildFile; fileRef = 955FA98126612A7300BC3176 /* PatologiePazienteTableViewCell.swift */; };
		955FA98626612C8900BC3176 /* OperazioniPazienteTableViewCell.swift in Sources */ = {isa = PBXBuildFile; fileRef = 955FA98526612C8900BC3176 /* OperazioniPazienteTableViewCell.swift */; };
		9562500E26627C6F0092B054 /* SOSViewController.swift in Sources */ = {isa = PBXBuildFile; fileRef = 9562500D26627C6F0092B054 /* SOSViewController.swift */; };
		9562501126627C8D0092B054 /* SOSTableViewCell.swift in Sources */ = {isa = PBXBuildFile; fileRef = 9562501026627C8D0092B054 /* SOSTableViewCell.swift */; };
		956250142662854F0092B054 /* ProfiloViewController.swift in Sources */ = {isa = PBXBuildFile; fileRef = 956250132662854F0092B054 /* ProfiloViewController.swift */; };
		95CF849626499E00006D6517 /* Utente.swift in Sources */ = {isa = PBXBuildFile; fileRef = 95CF849526499E00006D6517 /* Utente.swift */; };
		95CF849A26499E15006D6517 /* Paziente.swift in Sources */ = {isa = PBXBuildFile; fileRef = 95CF849926499E14006D6517 /* Paziente.swift */; };
		95CF849D26499E39006D6517 /* Medico.swift in Sources */ = {isa = PBXBuildFile; fileRef = 95CF849C26499E39006D6517 /* Medico.swift */; };
		95CF84A126499E7D006D6517 /* Patologia.swift in Sources */ = {isa = PBXBuildFile; fileRef = 95CF84A026499E7D006D6517 /* Patologia.swift */; };
		95CF84A426499E92006D6517 /* Ricetta.swift in Sources */ = {isa = PBXBuildFile; fileRef = 95CF84A326499E92006D6517 /* Ricetta.swift */; };
		95CF84A726499EB0006D6517 /* Farmaco.swift in Sources */ = {isa = PBXBuildFile; fileRef = 95CF84A626499EB0006D6517 /* Farmaco.swift */; };
		95CF84AA26499EC7006D6517 /* Richiesta.swift in Sources */ = {isa = PBXBuildFile; fileRef = 95CF84A926499EC7006D6517 /* Richiesta.swift */; };
		95CF84AD26499ED6006D6517 /* Sintomo.swift in Sources */ = {isa = PBXBuildFile; fileRef = 95CF84AC26499ED6006D6517 /* Sintomo.swift */; };
		95CFE0D2264D791400EFE631 /* PatologieTableViewCell.swift in Sources */ = {isa = PBXBuildFile; fileRef = 95CFE0D1264D791400EFE631 /* PatologieTableViewCell.swift */; };
		95CFE0D6264D7F0300EFE631 /* MediciTableViewCell.swift in Sources */ = {isa = PBXBuildFile; fileRef = 95CFE0D5264D7F0300EFE631 /* MediciTableViewCell.swift */; };
		95F25195265009B8008CDB3C /* SpecializzazioneTableViewCell.swift in Sources */ = {isa = PBXBuildFile; fileRef = 95F25194265009B8008CDB3C /* SpecializzazioneTableViewCell.swift */; };
		DF29760A2626410300933712 /* AppDelegate.swift in Sources */ = {isa = PBXBuildFile; fileRef = DF2976092626410300933712 /* AppDelegate.swift */; };
		DF29760C2626410300933712 /* SceneDelegate.swift in Sources */ = {isa = PBXBuildFile; fileRef = DF29760B2626410300933712 /* SceneDelegate.swift */; };
		DF29760E2626410300933712 /* LoginViewController.swift in Sources */ = {isa = PBXBuildFile; fileRef = DF29760D2626410300933712 /* LoginViewController.swift */; };
		DF2976112626410300933712 /* Main.storyboard in Resources */ = {isa = PBXBuildFile; fileRef = DF29760F2626410300933712 /* Main.storyboard */; };
		DF2976142626410300933712 /* AppEsame.xcdatamodeld in Sources */ = {isa = PBXBuildFile; fileRef = DF2976122626410300933712 /* AppEsame.xcdatamodeld */; };
		DF2976162626410400933712 /* Assets.xcassets in Resources */ = {isa = PBXBuildFile; fileRef = DF2976152626410400933712 /* Assets.xcassets */; };
		DF2976192626410400933712 /* LaunchScreen.storyboard in Resources */ = {isa = PBXBuildFile; fileRef = DF2976172626410400933712 /* LaunchScreen.storyboard */; };
		DFE3CC802669275D0015D1C4 /* ProfiloTableViewCell.swift in Sources */ = {isa = PBXBuildFile; fileRef = DFE3CC7F2669275D0015D1C4 /* ProfiloTableViewCell.swift */; };
/* End PBXBuildFile section */

/* Begin PBXFileReference section */
		1C1F25D92663CB82001B2DEC /* UtenteDB.swift */ = {isa = PBXFileReference; lastKnownFileType = sourcecode.swift; path = UtenteDB.swift; sourceTree = "<group>"; };
		1C28ABF3264DD7DE00F86CFD /* DBManager.swift */ = {isa = PBXFileReference; fileEncoding = 4; lastKnownFileType = sourcecode.swift; path = DBManager.swift; sourceTree = "<group>"; };
		1C28ABF5264DD7E400F86CFD /* PazienteDB.swift */ = {isa = PBXFileReference; fileEncoding = 4; lastKnownFileType = sourcecode.swift; path = PazienteDB.swift; sourceTree = "<group>"; };
		1C28ABF7264DE12900F86CFD /* MedicoDB.swift */ = {isa = PBXFileReference; lastKnownFileType = sourcecode.swift; path = MedicoDB.swift; sourceTree = "<group>"; };
		1C38154B2666A8CC00A8CBFB /* Operazione.swift */ = {isa = PBXFileReference; lastKnownFileType = sourcecode.swift; path = Operazione.swift; sourceTree = "<group>"; };
		1C38154D2666A96E00A8CBFB /* OperazioneDB.swift */ = {isa = PBXFileReference; lastKnownFileType = sourcecode.swift; path = OperazioneDB.swift; sourceTree = "<group>"; };
		1C38154F2666BC1300A8CBFB /* Specializzazione.swift */ = {isa = PBXFileReference; lastKnownFileType = sourcecode.swift; path = Specializzazione.swift; sourceTree = "<group>"; };
		1C3815512666C1EF00A8CBFB /* SpecializzazioneDB.swift */ = {isa = PBXFileReference; lastKnownFileType = sourcecode.swift; path = SpecializzazioneDB.swift; sourceTree = "<group>"; };
		1C43DCC9264F08FB001998F9 /* PatologiaDB.swift */ = {isa = PBXFileReference; lastKnownFileType = sourcecode.swift; path = PatologiaDB.swift; sourceTree = "<group>"; };
		1C43DCCB264F1515001998F9 /* SintomoDB.swift */ = {isa = PBXFileReference; lastKnownFileType = sourcecode.swift; path = SintomoDB.swift; sourceTree = "<group>"; };
		1C5922BB266137FB00F5A98F /* RichiestaDB.swift */ = {isa = PBXFileReference; lastKnownFileType = sourcecode.swift; path = RichiestaDB.swift; sourceTree = "<group>"; };
		1CC63C952649C653001AEDEA /* GoogleService-Info.plist */ = {isa = PBXFileReference; fileEncoding = 4; lastKnownFileType = text.plist.xml; path = "GoogleService-Info.plist"; sourceTree = "<group>"; };
		1CC63C9A2649CBF8001AEDEA /* Medico.storyboard */ = {isa = PBXFileReference; lastKnownFileType = file.storyboard; path = Medico.storyboard; sourceTree = "<group>"; };
		1CC63C9C2649CDFD001AEDEA /* PazienteViewController.swift */ = {isa = PBXFileReference; lastKnownFileType = sourcecode.swift; path = PazienteViewController.swift; sourceTree = "<group>"; };
		1CC63C9E2649CE0B001AEDEA /* MedicoViewController.swift */ = {isa = PBXFileReference; lastKnownFileType = sourcecode.swift; path = MedicoViewController.swift; sourceTree = "<group>"; };
		1CC63CA12649E7B1001AEDEA /* RegistrazioneViewController.swift */ = {isa = PBXFileReference; lastKnownFileType = sourcecode.swift; path = RegistrazioneViewController.swift; sourceTree = "<group>"; };
		1CC63CA32649EF76001AEDEA /* Step2MedicoViewController.swift */ = {isa = PBXFileReference; lastKnownFileType = sourcecode.swift; path = Step2MedicoViewController.swift; sourceTree = "<group>"; };
		1CC63CA52649EF9C001AEDEA /* Step2PazienteViewController.swift */ = {isa = PBXFileReference; lastKnownFileType = sourcecode.swift; path = Step2PazienteViewController.swift; sourceTree = "<group>"; };
		1CC63CA72649F2BD001AEDEA /* Step3PazienteViewController.swift */ = {isa = PBXFileReference; lastKnownFileType = sourcecode.swift; path = Step3PazienteViewController.swift; sourceTree = "<group>"; };
		1CC63CAA2649F38B001AEDEA /* RegistrazioneViewModel.swift */ = {isa = PBXFileReference; lastKnownFileType = sourcecode.swift; path = RegistrazioneViewModel.swift; sourceTree = "<group>"; };
		1CC63CAC2649F4B7001AEDEA /* Errore.swift */ = {isa = PBXFileReference; lastKnownFileType = sourcecode.swift; path = Errore.swift; sourceTree = "<group>"; };
		1CDE415E264B48FA0077A163 /* Step4PazienteViewController.swift */ = {isa = PBXFileReference; lastKnownFileType = sourcecode.swift; path = Step4PazienteViewController.swift; sourceTree = "<group>"; };
		1CE128FA2652EDEE00B9EE45 /* AllergiaDB.swift */ = {isa = PBXFileReference; lastKnownFileType = sourcecode.swift; path = AllergiaDB.swift; sourceTree = "<group>"; };
		1CE128FC2652EE1000B9EE45 /* Allergia.swift */ = {isa = PBXFileReference; lastKnownFileType = sourcecode.swift; path = Allergia.swift; sourceTree = "<group>"; };
		2CBC011D93070918A69A866E /* Pods-AppEsame.release.xcconfig */ = {isa = PBXFileReference; includeInIndex = 1; lastKnownFileType = text.xcconfig; name = "Pods-AppEsame.release.xcconfig"; path = "Target Support Files/Pods-AppEsame/Pods-AppEsame.release.xcconfig"; sourceTree = "<group>"; };
		88E15E5C5A7A0AD9E9597180 /* Pods_AppEsame.framework */ = {isa = PBXFileReference; explicitFileType = wrapper.framework; includeInIndex = 0; path = Pods_AppEsame.framework; sourceTree = BUILT_PRODUCTS_DIR; };
		951FC7A9264ABCA5001E8C8A /* LoginViewModel.swift */ = {isa = PBXFileReference; lastKnownFileType = sourcecode.swift; path = LoginViewModel.swift; sourceTree = "<group>"; };
		951FC7D4264ADF01001E8C8A /* AllergieTableViewCell.swift */ = {isa = PBXFileReference; lastKnownFileType = sourcecode.swift; path = AllergieTableViewCell.swift; sourceTree = "<group>"; };
		952E2345265C3AF7006FAC1E /* TerapiaViewController.swift */ = {isa = PBXFileReference; lastKnownFileType = sourcecode.swift; path = TerapiaViewController.swift; sourceTree = "<group>"; };
		952E2348265C3BE2006FAC1E /* TerapiaTableViewCell.swift */ = {isa = PBXFileReference; lastKnownFileType = sourcecode.swift; path = TerapiaTableViewCell.swift; sourceTree = "<group>"; };
		952E234B265C405C006FAC1E /* CartellaClinicaViewController.swift */ = {isa = PBXFileReference; lastKnownFileType = sourcecode.swift; path = CartellaClinicaViewController.swift; sourceTree = "<group>"; };
		952E234E265C41EA006FAC1E /* CartellaClinicaTableViewCell.swift */ = {isa = PBXFileReference; lastKnownFileType = sourcecode.swift; path = CartellaClinicaTableViewCell.swift; sourceTree = "<group>"; };
		953BC32C2655589D003F09E3 /* SintomiViewController.swift */ = {isa = PBXFileReference; lastKnownFileType = sourcecode.swift; path = SintomiViewController.swift; sourceTree = "<group>"; };
		953BC32F265558F1003F09E3 /* SintomiTableViewCell.swift */ = {isa = PBXFileReference; lastKnownFileType = sourcecode.swift; path = SintomiTableViewCell.swift; sourceTree = "<group>"; };
		953BC33226555F50003F09E3 /* ParametriViewController.swift */ = {isa = PBXFileReference; lastKnownFileType = sourcecode.swift; path = ParametriViewController.swift; sourceTree = "<group>"; };
		953BC3352655601F003F09E3 /* ParametriTableViewCell.swift */ = {isa = PBXFileReference; lastKnownFileType = sourcecode.swift; path = ParametriTableViewCell.swift; sourceTree = "<group>"; };
		953BD72B265EE3AA006104D1 /* AllergiePazienteViewController.swift */ = {isa = PBXFileReference; lastKnownFileType = sourcecode.swift; path = AllergiePazienteViewController.swift; sourceTree = "<group>"; };
		953BD72E265EE3B7006104D1 /* PatologiePazienteViewController.swift */ = {isa = PBXFileReference; lastKnownFileType = sourcecode.swift; path = PatologiePazienteViewController.swift; sourceTree = "<group>"; };
		953BD731265EE3C5006104D1 /* OperazioniPazienteViewController.swift */ = {isa = PBXFileReference; lastKnownFileType = sourcecode.swift; path = OperazioniPazienteViewController.swift; sourceTree = "<group>"; };
		955D5E6B2652CC9A00996BC2 /* Paziente.storyboard */ = {isa = PBXFileReference; lastKnownFileType = file.storyboard; path = Paziente.storyboard; sourceTree = "<group>"; };
		955D5E6E2652D21100996BC2 /* PazienteTabBarController.swift */ = {isa = PBXFileReference; lastKnownFileType = sourcecode.swift; path = PazienteTabBarController.swift; sourceTree = "<group>"; };
		955D5E712652D26800996BC2 /* HomePazienteViewController.swift */ = {isa = PBXFileReference; lastKnownFileType = sourcecode.swift; path = HomePazienteViewController.swift; sourceTree = "<group>"; };
		955D5E812652E3F000996BC2 /* HomePazienteTableViewCell.swift */ = {isa = PBXFileReference; lastKnownFileType = sourcecode.swift; path = HomePazienteTableViewCell.swift; sourceTree = "<group>"; };
		955FA97E26612A2400BC3176 /* AllergiePazienteTableViewCell.swift */ = {isa = PBXFileReference; lastKnownFileType = sourcecode.swift; path = AllergiePazienteTableViewCell.swift; sourceTree = "<group>"; };
		955FA98126612A7300BC3176 /* PatologiePazienteTableViewCell.swift */ = {isa = PBXFileReference; lastKnownFileType = sourcecode.swift; path = PatologiePazienteTableViewCell.swift; sourceTree = "<group>"; };
		955FA98526612C8900BC3176 /* OperazioniPazienteTableViewCell.swift */ = {isa = PBXFileReference; lastKnownFileType = sourcecode.swift; path = OperazioniPazienteTableViewCell.swift; sourceTree = "<group>"; };
		9562500D26627C6F0092B054 /* SOSViewController.swift */ = {isa = PBXFileReference; lastKnownFileType = sourcecode.swift; path = SOSViewController.swift; sourceTree = "<group>"; };
		9562501026627C8D0092B054 /* SOSTableViewCell.swift */ = {isa = PBXFileReference; lastKnownFileType = sourcecode.swift; path = SOSTableViewCell.swift; sourceTree = "<group>"; };
		956250132662854F0092B054 /* ProfiloViewController.swift */ = {isa = PBXFileReference; lastKnownFileType = sourcecode.swift; path = ProfiloViewController.swift; sourceTree = "<group>"; };
		95CF849526499E00006D6517 /* Utente.swift */ = {isa = PBXFileReference; lastKnownFileType = sourcecode.swift; path = Utente.swift; sourceTree = "<group>"; };
		95CF849926499E14006D6517 /* Paziente.swift */ = {isa = PBXFileReference; lastKnownFileType = sourcecode.swift; path = Paziente.swift; sourceTree = "<group>"; };
		95CF849C26499E39006D6517 /* Medico.swift */ = {isa = PBXFileReference; lastKnownFileType = sourcecode.swift; path = Medico.swift; sourceTree = "<group>"; };
		95CF84A026499E7D006D6517 /* Patologia.swift */ = {isa = PBXFileReference; lastKnownFileType = sourcecode.swift; path = Patologia.swift; sourceTree = "<group>"; };
		95CF84A326499E92006D6517 /* Ricetta.swift */ = {isa = PBXFileReference; lastKnownFileType = sourcecode.swift; path = Ricetta.swift; sourceTree = "<group>"; };
		95CF84A626499EB0006D6517 /* Farmaco.swift */ = {isa = PBXFileReference; lastKnownFileType = sourcecode.swift; path = Farmaco.swift; sourceTree = "<group>"; };
		95CF84A926499EC7006D6517 /* Richiesta.swift */ = {isa = PBXFileReference; lastKnownFileType = sourcecode.swift; path = Richiesta.swift; sourceTree = "<group>"; };
		95CF84AC26499ED6006D6517 /* Sintomo.swift */ = {isa = PBXFileReference; lastKnownFileType = sourcecode.swift; path = Sintomo.swift; sourceTree = "<group>"; };
		95CFE0D1264D791400EFE631 /* PatologieTableViewCell.swift */ = {isa = PBXFileReference; lastKnownFileType = sourcecode.swift; path = PatologieTableViewCell.swift; sourceTree = "<group>"; };
		95CFE0D5264D7F0300EFE631 /* MediciTableViewCell.swift */ = {isa = PBXFileReference; lastKnownFileType = sourcecode.swift; path = MediciTableViewCell.swift; sourceTree = "<group>"; };
		95F25194265009B8008CDB3C /* SpecializzazioneTableViewCell.swift */ = {isa = PBXFileReference; lastKnownFileType = sourcecode.swift; path = SpecializzazioneTableViewCell.swift; sourceTree = "<group>"; };
		DF2976062626410300933712 /* AppEsame.app */ = {isa = PBXFileReference; explicitFileType = wrapper.application; includeInIndex = 0; path = AppEsame.app; sourceTree = BUILT_PRODUCTS_DIR; };
		DF2976092626410300933712 /* AppDelegate.swift */ = {isa = PBXFileReference; lastKnownFileType = sourcecode.swift; path = AppDelegate.swift; sourceTree = "<group>"; };
		DF29760B2626410300933712 /* SceneDelegate.swift */ = {isa = PBXFileReference; lastKnownFileType = sourcecode.swift; path = SceneDelegate.swift; sourceTree = "<group>"; };
		DF29760D2626410300933712 /* LoginViewController.swift */ = {isa = PBXFileReference; lastKnownFileType = sourcecode.swift; path = LoginViewController.swift; sourceTree = "<group>"; };
		DF2976102626410300933712 /* Base */ = {isa = PBXFileReference; lastKnownFileType = file.storyboard; name = Base; path = Base.lproj/Main.storyboard; sourceTree = "<group>"; };
		DF2976132626410300933712 /* AppEsame.xcdatamodel */ = {isa = PBXFileReference; lastKnownFileType = wrapper.xcdatamodel; path = AppEsame.xcdatamodel; sourceTree = "<group>"; };
		DF2976152626410400933712 /* Assets.xcassets */ = {isa = PBXFileReference; lastKnownFileType = folder.assetcatalog; path = Assets.xcassets; sourceTree = "<group>"; };
		DF2976182626410400933712 /* Base */ = {isa = PBXFileReference; lastKnownFileType = file.storyboard; name = Base; path = Base.lproj/LaunchScreen.storyboard; sourceTree = "<group>"; };
		DF29761A2626410400933712 /* Info.plist */ = {isa = PBXFileReference; lastKnownFileType = text.plist.xml; path = Info.plist; sourceTree = "<group>"; };
		DFE3CC7F2669275D0015D1C4 /* ProfiloTableViewCell.swift */ = {isa = PBXFileReference; lastKnownFileType = sourcecode.swift; path = ProfiloTableViewCell.swift; sourceTree = "<group>"; };
		E0D3F42E0BDC39E2683B51D5 /* Pods-AppEsame.debug.xcconfig */ = {isa = PBXFileReference; includeInIndex = 1; lastKnownFileType = text.xcconfig; name = "Pods-AppEsame.debug.xcconfig"; path = "Target Support Files/Pods-AppEsame/Pods-AppEsame.debug.xcconfig"; sourceTree = "<group>"; };
/* End PBXFileReference section */

/* Begin PBXFrameworksBuildPhase section */
		DF2976032626410300933712 /* Frameworks */ = {
			isa = PBXFrameworksBuildPhase;
			buildActionMask = 2147483647;
			files = (
				8849864F3CE6C47255D155E2 /* Pods_AppEsame.framework in Frameworks */,
			);
			runOnlyForDeploymentPostprocessing = 0;
		};
/* End PBXFrameworksBuildPhase section */

/* Begin PBXGroup section */
		1C28ABF2264DD7CC00F86CFD /* Database */ = {
			isa = PBXGroup;
			children = (
				1C28ABF3264DD7DE00F86CFD /* DBManager.swift */,
				1C28ABF5264DD7E400F86CFD /* PazienteDB.swift */,
				1C28ABF7264DE12900F86CFD /* MedicoDB.swift */,
				1C43DCC9264F08FB001998F9 /* PatologiaDB.swift */,
				1C43DCCB264F1515001998F9 /* SintomoDB.swift */,
				1CE128FA2652EDEE00B9EE45 /* AllergiaDB.swift */,
				1C5922BB266137FB00F5A98F /* RichiestaDB.swift */,
				1C1F25D92663CB82001B2DEC /* UtenteDB.swift */,
				1C38154D2666A96E00A8CBFB /* OperazioneDB.swift */,
				1C3815512666C1EF00A8CBFB /* SpecializzazioneDB.swift */,
			);
			path = Database;
			sourceTree = "<group>";
		};
		1CC63C972649C826001AEDEA /* View */ = {
			isa = PBXGroup;
			children = (
				955D5E6A2652CC8100996BC2 /* Paziente */,
				1CC63CA02649E781001AEDEA /* RegistrazioneLogin */,
				1CC63C9A2649CBF8001AEDEA /* Medico.storyboard */,
				DF2976172626410400933712 /* LaunchScreen.storyboard */,
				1CC63C9C2649CDFD001AEDEA /* PazienteViewController.swift */,
				1CC63C9E2649CE0B001AEDEA /* MedicoViewController.swift */,
			);
			path = View;
			sourceTree = "<group>";
		};
		1CC63CA02649E781001AEDEA /* RegistrazioneLogin */ = {
			isa = PBXGroup;
			children = (
				DF29760F2626410300933712 /* Main.storyboard */,
				DF29760D2626410300933712 /* LoginViewController.swift */,
				1CC63CA12649E7B1001AEDEA /* RegistrazioneViewController.swift */,
				1CC63CA32649EF76001AEDEA /* Step2MedicoViewController.swift */,
				1CC63CA52649EF9C001AEDEA /* Step2PazienteViewController.swift */,
				1CC63CA72649F2BD001AEDEA /* Step3PazienteViewController.swift */,
				1CDE415E264B48FA0077A163 /* Step4PazienteViewController.swift */,
				951FC7D4264ADF01001E8C8A /* AllergieTableViewCell.swift */,
				95CFE0D1264D791400EFE631 /* PatologieTableViewCell.swift */,
				95CFE0D5264D7F0300EFE631 /* MediciTableViewCell.swift */,
				95F25194265009B8008CDB3C /* SpecializzazioneTableViewCell.swift */,
			);
			path = RegistrazioneLogin;
			sourceTree = "<group>";
		};
		1CC63CA92649F33F001AEDEA /* ViewModel */ = {
			isa = PBXGroup;
			children = (
				1CC63CAA2649F38B001AEDEA /* RegistrazioneViewModel.swift */,
				951FC7A9264ABCA5001E8C8A /* LoginViewModel.swift */,
			);
			path = ViewModel;
			sourceTree = "<group>";
		};
		55086DFA3C1A26E0F79FA9D7 /* Pods */ = {
			isa = PBXGroup;
			children = (
				E0D3F42E0BDC39E2683B51D5 /* Pods-AppEsame.debug.xcconfig */,
				2CBC011D93070918A69A866E /* Pods-AppEsame.release.xcconfig */,
			);
			path = Pods;
			sourceTree = "<group>";
		};
		955D5E6A2652CC8100996BC2 /* Paziente */ = {
			isa = PBXGroup;
			children = (
				955D5E6B2652CC9A00996BC2 /* Paziente.storyboard */,
				955FA97E26612A2400BC3176 /* AllergiePazienteTableViewCell.swift */,
				952E234E265C41EA006FAC1E /* CartellaClinicaTableViewCell.swift */,
				952E234B265C405C006FAC1E /* CartellaClinicaViewController.swift */,
				955D5E812652E3F000996BC2 /* HomePazienteTableViewCell.swift */,
				955D5E6E2652D21100996BC2 /* PazienteTabBarController.swift */,
				955D5E712652D26800996BC2 /* HomePazienteViewController.swift */,
				953BC32C2655589D003F09E3 /* SintomiViewController.swift */,
				953BC32F265558F1003F09E3 /* SintomiTableViewCell.swift */,
				953BC33226555F50003F09E3 /* ParametriViewController.swift */,
				953BC3352655601F003F09E3 /* ParametriTableViewCell.swift */,
				952E2345265C3AF7006FAC1E /* TerapiaViewController.swift */,
				952E2348265C3BE2006FAC1E /* TerapiaTableViewCell.swift */,
				953BD72B265EE3AA006104D1 /* AllergiePazienteViewController.swift */,
				953BD72E265EE3B7006104D1 /* PatologiePazienteViewController.swift */,
				953BD731265EE3C5006104D1 /* OperazioniPazienteViewController.swift */,
				955FA98126612A7300BC3176 /* PatologiePazienteTableViewCell.swift */,
				955FA98526612C8900BC3176 /* OperazioniPazienteTableViewCell.swift */,
				9562500D26627C6F0092B054 /* SOSViewController.swift */,
				9562501026627C8D0092B054 /* SOSTableViewCell.swift */,
				956250132662854F0092B054 /* ProfiloViewController.swift */,
				DFE3CC7F2669275D0015D1C4 /* ProfiloTableViewCell.swift */,
			);
			path = Paziente;
			sourceTree = "<group>";
		};
		95CF849426499DE2006D6517 /* Model */ = {
			isa = PBXGroup;
			children = (
				95CF849526499E00006D6517 /* Utente.swift */,
				95CF849926499E14006D6517 /* Paziente.swift */,
				95CF849C26499E39006D6517 /* Medico.swift */,
				95CF84A026499E7D006D6517 /* Patologia.swift */,
				95CF84A326499E92006D6517 /* Ricetta.swift */,
				95CF84A626499EB0006D6517 /* Farmaco.swift */,
				95CF84A926499EC7006D6517 /* Richiesta.swift */,
				95CF84AC26499ED6006D6517 /* Sintomo.swift */,
				1CE128FC2652EE1000B9EE45 /* Allergia.swift */,
				1C38154B2666A8CC00A8CBFB /* Operazione.swift */,
				1C38154F2666BC1300A8CBFB /* Specializzazione.swift */,
			);
			path = Model;
			sourceTree = "<group>";
		};
		B32BE0319AF7ECD5B0DD3E81 /* Frameworks */ = {
			isa = PBXGroup;
			children = (
				88E15E5C5A7A0AD9E9597180 /* Pods_AppEsame.framework */,
			);
			name = Frameworks;
			sourceTree = "<group>";
		};
		DF2975FD2626410300933712 = {
			isa = PBXGroup;
			children = (
				DF2976082626410300933712 /* AppEsame */,
				DF2976072626410300933712 /* Products */,
				55086DFA3C1A26E0F79FA9D7 /* Pods */,
				B32BE0319AF7ECD5B0DD3E81 /* Frameworks */,
			);
			sourceTree = "<group>";
		};
		DF2976072626410300933712 /* Products */ = {
			isa = PBXGroup;
			children = (
				DF2976062626410300933712 /* AppEsame.app */,
			);
			name = Products;
			sourceTree = "<group>";
		};
		DF2976082626410300933712 /* AppEsame */ = {
			isa = PBXGroup;
			children = (
				1C28ABF2264DD7CC00F86CFD /* Database */,
				95CF849426499DE2006D6517 /* Model */,
				1CC63C972649C826001AEDEA /* View */,
				1CC63CA92649F33F001AEDEA /* ViewModel */,
				DF2976092626410300933712 /* AppDelegate.swift */,
				DF29760B2626410300933712 /* SceneDelegate.swift */,
				1CC63CAC2649F4B7001AEDEA /* Errore.swift */,
				DF2976152626410400933712 /* Assets.xcassets */,
				DF29761A2626410400933712 /* Info.plist */,
				1CC63C952649C653001AEDEA /* GoogleService-Info.plist */,
				DF2976122626410300933712 /* AppEsame.xcdatamodeld */,
			);
			path = AppEsame;
			sourceTree = "<group>";
		};
/* End PBXGroup section */

/* Begin PBXNativeTarget section */
		DF2976052626410300933712 /* AppEsame */ = {
			isa = PBXNativeTarget;
			buildConfigurationList = DF29761D2626410400933712 /* Build configuration list for PBXNativeTarget "AppEsame" */;
			buildPhases = (
				11B5F018B5BD19E1F4C40AA0 /* [CP] Check Pods Manifest.lock */,
				DF2976022626410300933712 /* Sources */,
				DF2976032626410300933712 /* Frameworks */,
				DF2976042626410300933712 /* Resources */,
				914A86F8414C8FFF989826A3 /* [CP] Embed Pods Frameworks */,
			);
			buildRules = (
			);
			dependencies = (
			);
			name = AppEsame;
			productName = AppEsame;
			productReference = DF2976062626410300933712 /* AppEsame.app */;
			productType = "com.apple.product-type.application";
		};
/* End PBXNativeTarget section */

/* Begin PBXProject section */
		DF2975FE2626410300933712 /* Project object */ = {
			isa = PBXProject;
			attributes = {
				LastSwiftUpdateCheck = 1240;
				LastUpgradeCheck = 1240;
				TargetAttributes = {
					DF2976052626410300933712 = {
						CreatedOnToolsVersion = 12.4;
					};
				};
			};
			buildConfigurationList = DF2976012626410300933712 /* Build configuration list for PBXProject "AppEsame" */;
			compatibilityVersion = "Xcode 9.3";
			developmentRegion = en;
			hasScannedForEncodings = 0;
			knownRegions = (
				en,
				Base,
			);
			mainGroup = DF2975FD2626410300933712;
			productRefGroup = DF2976072626410300933712 /* Products */;
			projectDirPath = "";
			projectRoot = "";
			targets = (
				DF2976052626410300933712 /* AppEsame */,
			);
		};
/* End PBXProject section */

/* Begin PBXResourcesBuildPhase section */
		DF2976042626410300933712 /* Resources */ = {
			isa = PBXResourcesBuildPhase;
			buildActionMask = 2147483647;
			files = (
				1CC63C9B2649CBF8001AEDEA /* Medico.storyboard in Resources */,
				955D5E6C2652CC9A00996BC2 /* Paziente.storyboard in Resources */,
				DF2976192626410400933712 /* LaunchScreen.storyboard in Resources */,
				1CC63C962649C653001AEDEA /* GoogleService-Info.plist in Resources */,
				DF2976162626410400933712 /* Assets.xcassets in Resources */,
				DF2976112626410300933712 /* Main.storyboard in Resources */,
			);
			runOnlyForDeploymentPostprocessing = 0;
		};
/* End PBXResourcesBuildPhase section */

/* Begin PBXShellScriptBuildPhase section */
		11B5F018B5BD19E1F4C40AA0 /* [CP] Check Pods Manifest.lock */ = {
			isa = PBXShellScriptBuildPhase;
			buildActionMask = 2147483647;
			files = (
			);
			inputFileListPaths = (
			);
			inputPaths = (
				"${PODS_PODFILE_DIR_PATH}/Podfile.lock",
				"${PODS_ROOT}/Manifest.lock",
			);
			name = "[CP] Check Pods Manifest.lock";
			outputFileListPaths = (
			);
			outputPaths = (
				"$(DERIVED_FILE_DIR)/Pods-AppEsame-checkManifestLockResult.txt",
			);
			runOnlyForDeploymentPostprocessing = 0;
			shellPath = /bin/sh;
			shellScript = "diff \"${PODS_PODFILE_DIR_PATH}/Podfile.lock\" \"${PODS_ROOT}/Manifest.lock\" > /dev/null\nif [ $? != 0 ] ; then\n    # print error to STDERR\n    echo \"error: The sandbox is not in sync with the Podfile.lock. Run 'pod install' or update your CocoaPods installation.\" >&2\n    exit 1\nfi\n# This output is used by Xcode 'outputs' to avoid re-running this script phase.\necho \"SUCCESS\" > \"${SCRIPT_OUTPUT_FILE_0}\"\n";
			showEnvVarsInLog = 0;
		};
		914A86F8414C8FFF989826A3 /* [CP] Embed Pods Frameworks */ = {
			isa = PBXShellScriptBuildPhase;
			buildActionMask = 2147483647;
			files = (
			);
			inputFileListPaths = (
				"${PODS_ROOT}/Target Support Files/Pods-AppEsame/Pods-AppEsame-frameworks-${CONFIGURATION}-input-files.xcfilelist",
			);
			name = "[CP] Embed Pods Frameworks";
			outputFileListPaths = (
				"${PODS_ROOT}/Target Support Files/Pods-AppEsame/Pods-AppEsame-frameworks-${CONFIGURATION}-output-files.xcfilelist",
			);
			runOnlyForDeploymentPostprocessing = 0;
			shellPath = /bin/sh;
			shellScript = "\"${PODS_ROOT}/Target Support Files/Pods-AppEsame/Pods-AppEsame-frameworks.sh\"\n";
			showEnvVarsInLog = 0;
		};
/* End PBXShellScriptBuildPhase section */

/* Begin PBXSourcesBuildPhase section */
		DF2976022626410300933712 /* Sources */ = {
			isa = PBXSourcesBuildPhase;
			buildActionMask = 2147483647;
			files = (
				DF29760E2626410300933712 /* LoginViewController.swift in Sources */,
				955D5E6F2652D21100996BC2 /* PazienteTabBarController.swift in Sources */,
				1CC63CA82649F2BD001AEDEA /* Step3PazienteViewController.swift in Sources */,
				952E234F265C41EA006FAC1E /* CartellaClinicaTableViewCell.swift in Sources */,
				1C3815522666C1EF00A8CBFB /* SpecializzazioneDB.swift in Sources */,
				953BC330265558F1003F09E3 /* SintomiTableViewCell.swift in Sources */,
				953BD72F265EE3B7006104D1 /* PatologiePazienteViewController.swift in Sources */,
				95CFE0D2264D791400EFE631 /* PatologieTableViewCell.swift in Sources */,
				1C43DCCA264F08FB001998F9 /* PatologiaDB.swift in Sources */,
				952E234C265C405C006FAC1E /* CartellaClinicaViewController.swift in Sources */,
				1C28ABF4264DD7DE00F86CFD /* DBManager.swift in Sources */,
				1CE128FD2652EE1000B9EE45 /* Allergia.swift in Sources */,
				1C3815502666BC1300A8CBFB /* Specializzazione.swift in Sources */,
				95CF849D26499E39006D6517 /* Medico.swift in Sources */,
				95CF84A126499E7D006D6517 /* Patologia.swift in Sources */,
				DF2976142626410300933712 /* AppEsame.xcdatamodeld in Sources */,
				DF29760A2626410300933712 /* AppDelegate.swift in Sources */,
				1C38154C2666A8CC00A8CBFB /* Operazione.swift in Sources */,
				952E2349265C3BE2006FAC1E /* TerapiaTableViewCell.swift in Sources */,
				1CC63CAD2649F4B7001AEDEA /* Errore.swift in Sources */,
				1C28ABF8264DE12900F86CFD /* MedicoDB.swift in Sources */,
				956250142662854F0092B054 /* ProfiloViewController.swift in Sources */,
				9562500E26627C6F0092B054 /* SOSViewController.swift in Sources */,
				1CC63CA22649E7B1001AEDEA /* RegistrazioneViewController.swift in Sources */,
				953BC3362655601F003F09E3 /* ParametriTableViewCell.swift in Sources */,
				95F25195265009B8008CDB3C /* SpecializzazioneTableViewCell.swift in Sources */,
				952E2346265C3AF7006FAC1E /* TerapiaViewController.swift in Sources */,
				953BD732265EE3C5006104D1 /* OperazioniPazienteViewController.swift in Sources */,
				95CF84A726499EB0006D6517 /* Farmaco.swift in Sources */,
				955FA98226612A7300BC3176 /* PatologiePazienteTableViewCell.swift in Sources */,
				1C28ABF6264DD7E400F86CFD /* PazienteDB.swift in Sources */,
				DFE3CC802669275D0015D1C4 /* ProfiloTableViewCell.swift in Sources */,
				955FA97F26612A2400BC3176 /* AllergiePazienteTableViewCell.swift in Sources */,
				95CF84A426499E92006D6517 /* Ricetta.swift in Sources */,
				95CF849A26499E15006D6517 /* Paziente.swift in Sources */,
				955FA98626612C8900BC3176 /* OperazioniPazienteTableViewCell.swift in Sources */,
				953BC33326555F50003F09E3 /* ParametriViewController.swift in Sources */,
				1C5922BC266137FB00F5A98F /* RichiestaDB.swift in Sources */,
				1CC63CAB2649F38B001AEDEA /* RegistrazioneViewModel.swift in Sources */,
				9562501126627C8D0092B054 /* SOSTableViewCell.swift in Sources */,
				1C43DCCC264F1515001998F9 /* SintomoDB.swift in Sources */,
				1CC63CA42649EF76001AEDEA /* Step2MedicoViewController.swift in Sources */,
				1CC63CA62649EF9C001AEDEA /* Step2PazienteViewController.swift in Sources */,
				1CC63C9D2649CDFD001AEDEA /* PazienteViewController.swift in Sources */,
				1CE128FB2652EDEE00B9EE45 /* AllergiaDB.swift in Sources */,
				95CF84AA26499EC7006D6517 /* Richiesta.swift in Sources */,
				953BD72C265EE3AA006104D1 /* AllergiePazienteViewController.swift in Sources */,
				951FC7D5264ADF01001E8C8A /* AllergieTableViewCell.swift in Sources */,
				1CDE415F264B48FA0077A163 /* Step4PazienteViewController.swift in Sources */,
				95CF84AD26499ED6006D6517 /* Sintomo.swift in Sources */,
				DF29760C2626410300933712 /* SceneDelegate.swift in Sources */,
				1C38154E2666A96E00A8CBFB /* OperazioneDB.swift in Sources */,
				1C1F25DA2663CB82001B2DEC /* UtenteDB.swift in Sources */,
				95CF849626499E00006D6517 /* Utente.swift in Sources */,
				955D5E722652D26800996BC2 /* HomePazienteViewController.swift in Sources */,
				95CFE0D6264D7F0300EFE631 /* MediciTableViewCell.swift in Sources */,
				953BC32D2655589D003F09E3 /* SintomiViewController.swift in Sources */,
				1CC63C9F2649CE0B001AEDEA /* MedicoViewController.swift in Sources */,
				955D5E822652E3F000996BC2 /* HomePazienteTableViewCell.swift in Sources */,
				951FC7AA264ABCA5001E8C8A /* LoginViewModel.swift in Sources */,
			);
			runOnlyForDeploymentPostprocessing = 0;
		};
/* End PBXSourcesBuildPhase section */

/* Begin PBXVariantGroup section */
		DF29760F2626410300933712 /* Main.storyboard */ = {
			isa = PBXVariantGroup;
			children = (
				DF2976102626410300933712 /* Base */,
			);
			name = Main.storyboard;
			sourceTree = "<group>";
		};
		DF2976172626410400933712 /* LaunchScreen.storyboard */ = {
			isa = PBXVariantGroup;
			children = (
				DF2976182626410400933712 /* Base */,
			);
			name = LaunchScreen.storyboard;
			sourceTree = "<group>";
		};
/* End PBXVariantGroup section */

/* Begin XCBuildConfiguration section */
		DF29761B2626410400933712 /* Debug */ = {
			isa = XCBuildConfiguration;
			buildSettings = {
				ALWAYS_SEARCH_USER_PATHS = NO;
				CLANG_ANALYZER_NONNULL = YES;
				CLANG_ANALYZER_NUMBER_OBJECT_CONVERSION = YES_AGGRESSIVE;
				CLANG_CXX_LANGUAGE_STANDARD = "gnu++14";
				CLANG_CXX_LIBRARY = "libc++";
				CLANG_ENABLE_MODULES = YES;
				CLANG_ENABLE_OBJC_ARC = YES;
				CLANG_ENABLE_OBJC_WEAK = YES;
				CLANG_WARN_BLOCK_CAPTURE_AUTORELEASING = YES;
				CLANG_WARN_BOOL_CONVERSION = YES;
				CLANG_WARN_COMMA = YES;
				CLANG_WARN_CONSTANT_CONVERSION = YES;
				CLANG_WARN_DEPRECATED_OBJC_IMPLEMENTATIONS = YES;
				CLANG_WARN_DIRECT_OBJC_ISA_USAGE = YES_ERROR;
				CLANG_WARN_DOCUMENTATION_COMMENTS = YES;
				CLANG_WARN_EMPTY_BODY = YES;
				CLANG_WARN_ENUM_CONVERSION = YES;
				CLANG_WARN_INFINITE_RECURSION = YES;
				CLANG_WARN_INT_CONVERSION = YES;
				CLANG_WARN_NON_LITERAL_NULL_CONVERSION = YES;
				CLANG_WARN_OBJC_IMPLICIT_RETAIN_SELF = YES;
				CLANG_WARN_OBJC_LITERAL_CONVERSION = YES;
				CLANG_WARN_OBJC_ROOT_CLASS = YES_ERROR;
				CLANG_WARN_QUOTED_INCLUDE_IN_FRAMEWORK_HEADER = YES;
				CLANG_WARN_RANGE_LOOP_ANALYSIS = YES;
				CLANG_WARN_STRICT_PROTOTYPES = YES;
				CLANG_WARN_SUSPICIOUS_MOVE = YES;
				CLANG_WARN_UNGUARDED_AVAILABILITY = YES_AGGRESSIVE;
				CLANG_WARN_UNREACHABLE_CODE = YES;
				CLANG_WARN__DUPLICATE_METHOD_MATCH = YES;
				COPY_PHASE_STRIP = NO;
				DEBUG_INFORMATION_FORMAT = dwarf;
				ENABLE_STRICT_OBJC_MSGSEND = YES;
				ENABLE_TESTABILITY = YES;
				GCC_C_LANGUAGE_STANDARD = gnu11;
				GCC_DYNAMIC_NO_PIC = NO;
				GCC_NO_COMMON_BLOCKS = YES;
				GCC_OPTIMIZATION_LEVEL = 0;
				GCC_PREPROCESSOR_DEFINITIONS = (
					"DEBUG=1",
					"$(inherited)",
				);
				GCC_WARN_64_TO_32_BIT_CONVERSION = YES;
				GCC_WARN_ABOUT_RETURN_TYPE = YES_ERROR;
				GCC_WARN_UNDECLARED_SELECTOR = YES;
				GCC_WARN_UNINITIALIZED_AUTOS = YES_AGGRESSIVE;
				GCC_WARN_UNUSED_FUNCTION = YES;
				GCC_WARN_UNUSED_VARIABLE = YES;
				IPHONEOS_DEPLOYMENT_TARGET = 14.4;
				MTL_ENABLE_DEBUG_INFO = INCLUDE_SOURCE;
				MTL_FAST_MATH = YES;
				ONLY_ACTIVE_ARCH = YES;
				SDKROOT = iphoneos;
				SWIFT_ACTIVE_COMPILATION_CONDITIONS = DEBUG;
				SWIFT_OPTIMIZATION_LEVEL = "-Onone";
			};
			name = Debug;
		};
		DF29761C2626410400933712 /* Release */ = {
			isa = XCBuildConfiguration;
			buildSettings = {
				ALWAYS_SEARCH_USER_PATHS = NO;
				CLANG_ANALYZER_NONNULL = YES;
				CLANG_ANALYZER_NUMBER_OBJECT_CONVERSION = YES_AGGRESSIVE;
				CLANG_CXX_LANGUAGE_STANDARD = "gnu++14";
				CLANG_CXX_LIBRARY = "libc++";
				CLANG_ENABLE_MODULES = YES;
				CLANG_ENABLE_OBJC_ARC = YES;
				CLANG_ENABLE_OBJC_WEAK = YES;
				CLANG_WARN_BLOCK_CAPTURE_AUTORELEASING = YES;
				CLANG_WARN_BOOL_CONVERSION = YES;
				CLANG_WARN_COMMA = YES;
				CLANG_WARN_CONSTANT_CONVERSION = YES;
				CLANG_WARN_DEPRECATED_OBJC_IMPLEMENTATIONS = YES;
				CLANG_WARN_DIRECT_OBJC_ISA_USAGE = YES_ERROR;
				CLANG_WARN_DOCUMENTATION_COMMENTS = YES;
				CLANG_WARN_EMPTY_BODY = YES;
				CLANG_WARN_ENUM_CONVERSION = YES;
				CLANG_WARN_INFINITE_RECURSION = YES;
				CLANG_WARN_INT_CONVERSION = YES;
				CLANG_WARN_NON_LITERAL_NULL_CONVERSION = YES;
				CLANG_WARN_OBJC_IMPLICIT_RETAIN_SELF = YES;
				CLANG_WARN_OBJC_LITERAL_CONVERSION = YES;
				CLANG_WARN_OBJC_ROOT_CLASS = YES_ERROR;
				CLANG_WARN_QUOTED_INCLUDE_IN_FRAMEWORK_HEADER = YES;
				CLANG_WARN_RANGE_LOOP_ANALYSIS = YES;
				CLANG_WARN_STRICT_PROTOTYPES = YES;
				CLANG_WARN_SUSPICIOUS_MOVE = YES;
				CLANG_WARN_UNGUARDED_AVAILABILITY = YES_AGGRESSIVE;
				CLANG_WARN_UNREACHABLE_CODE = YES;
				CLANG_WARN__DUPLICATE_METHOD_MATCH = YES;
				COPY_PHASE_STRIP = NO;
				DEBUG_INFORMATION_FORMAT = "dwarf-with-dsym";
				ENABLE_NS_ASSERTIONS = NO;
				ENABLE_STRICT_OBJC_MSGSEND = YES;
				GCC_C_LANGUAGE_STANDARD = gnu11;
				GCC_NO_COMMON_BLOCKS = YES;
				GCC_WARN_64_TO_32_BIT_CONVERSION = YES;
				GCC_WARN_ABOUT_RETURN_TYPE = YES_ERROR;
				GCC_WARN_UNDECLARED_SELECTOR = YES;
				GCC_WARN_UNINITIALIZED_AUTOS = YES_AGGRESSIVE;
				GCC_WARN_UNUSED_FUNCTION = YES;
				GCC_WARN_UNUSED_VARIABLE = YES;
				IPHONEOS_DEPLOYMENT_TARGET = 14.4;
				MTL_ENABLE_DEBUG_INFO = NO;
				MTL_FAST_MATH = YES;
				SDKROOT = iphoneos;
				SWIFT_COMPILATION_MODE = wholemodule;
				SWIFT_OPTIMIZATION_LEVEL = "-O";
				VALIDATE_PRODUCT = YES;
			};
			name = Release;
		};
		DF29761E2626410400933712 /* Debug */ = {
			isa = XCBuildConfiguration;
			baseConfigurationReference = E0D3F42E0BDC39E2683B51D5 /* Pods-AppEsame.debug.xcconfig */;
			buildSettings = {
				ASSETCATALOG_COMPILER_APPICON_NAME = AppIcon;
				ASSETCATALOG_COMPILER_GLOBAL_ACCENT_COLOR_NAME = AccentColor;
				CODE_SIGN_STYLE = Automatic;
				DEVELOPMENT_TEAM = 2V5JK75RUT;
				INFOPLIST_FILE = AppEsame/Info.plist;
				LD_RUNPATH_SEARCH_PATHS = (
					"$(inherited)",
					"@executable_path/Frameworks",
				);
				PRODUCT_BUNDLE_IDENTIFIER = com.esame.sad;
				PRODUCT_NAME = "$(TARGET_NAME)";
				SWIFT_VERSION = 5.0;
				TARGETED_DEVICE_FAMILY = "1,2";
			};
			name = Debug;
		};
		DF29761F2626410400933712 /* Release */ = {
			isa = XCBuildConfiguration;
			baseConfigurationReference = 2CBC011D93070918A69A866E /* Pods-AppEsame.release.xcconfig */;
			buildSettings = {
				ASSETCATALOG_COMPILER_APPICON_NAME = AppIcon;
				ASSETCATALOG_COMPILER_GLOBAL_ACCENT_COLOR_NAME = AccentColor;
				CODE_SIGN_STYLE = Automatic;
				DEVELOPMENT_TEAM = 2V5JK75RUT;
				INFOPLIST_FILE = AppEsame/Info.plist;
				LD_RUNPATH_SEARCH_PATHS = (
					"$(inherited)",
					"@executable_path/Frameworks",
				);
				PRODUCT_BUNDLE_IDENTIFIER = com.esame.sad;
				PRODUCT_NAME = "$(TARGET_NAME)";
				SWIFT_VERSION = 5.0;
				TARGETED_DEVICE_FAMILY = "1,2";
			};
			name = Release;
		};
/* End XCBuildConfiguration section */

/* Begin XCConfigurationList section */
		DF2976012626410300933712 /* Build configuration list for PBXProject "AppEsame" */ = {
			isa = XCConfigurationList;
			buildConfigurations = (
				DF29761B2626410400933712 /* Debug */,
				DF29761C2626410400933712 /* Release */,
			);
			defaultConfigurationIsVisible = 0;
			defaultConfigurationName = Release;
		};
		DF29761D2626410400933712 /* Build configuration list for PBXNativeTarget "AppEsame" */ = {
			isa = XCConfigurationList;
			buildConfigurations = (
				DF29761E2626410400933712 /* Debug */,
				DF29761F2626410400933712 /* Release */,
			);
			defaultConfigurationIsVisible = 0;
			defaultConfigurationName = Release;
		};
/* End XCConfigurationList section */

/* Begin XCVersionGroup section */
		DF2976122626410300933712 /* AppEsame.xcdatamodeld */ = {
			isa = XCVersionGroup;
			children = (
				DF2976132626410300933712 /* AppEsame.xcdatamodel */,
			);
			currentVersion = DF2976132626410300933712 /* AppEsame.xcdatamodel */;
			path = AppEsame.xcdatamodeld;
			sourceTree = "<group>";
			versionGroupType = wrapper.xcdatamodel;
		};
/* End XCVersionGroup section */
	};
	rootObject = DF2975FE2626410300933712 /* Project object */;
}
